
Microsoft Visual Studio Solution File, Format Version 12.00
# Visual Studio Version 16
VisualStudioVersion = 16.0.30907.101
MinimumVisualStudioVersion = 10.0.40219.1
Project("{FAE04EC0-301F-11D3-BF4B-00C04F79EFBC}") = "WebApp", "SCR\WebApp.csproj", "{D33A17E9-8E18-48FF-8675-B23CA3F03802}"
EndProject
Project("{FAE04EC0-301F-11D3-BF4B-00C04F79EFBC}") = "BusinessLogic", "Logic\BusinessLogic.csproj", "{B49E3D38-9263-4B7E-B231-6591A9D45DB1}"
EndProject
Project("{FAE04EC0-301F-11D3-BF4B-00C04F79EFBC}") = "DataAccess", "DataAccess\DataAccess.csproj", "{F8AB7684-4224-40B1-9C79-02D8FC74B4D2}"
EndProject
Global
	GlobalSection(SolutionConfigurationPlatforms) = preSolution
		Debug|Any CPU = Debug|Any CPU
		Release|Any CPU = Release|Any CPU
	EndGlobalSection
	GlobalSection(ProjectConfigurationPlatforms) = postSolution
		{D33A17E9-8E18-48FF-8675-B23CA3F03802}.Debug|Any CPU.ActiveCfg = Debug|Any CPU
		{D33A17E9-8E18-48FF-8675-B23CA3F03802}.Debug|Any CPU.Build.0 = Debug|Any CPU
		{D33A17E9-8E18-48FF-8675-B23CA3F03802}.Release|Any CPU.ActiveCfg = Release|Any CPU
		{D33A17E9-8E18-48FF-8675-B23CA3F03802}.Release|Any CPU.Build.0 = Release|Any CPU
		{B49E3D38-9263-4B7E-B231-6591A9D45DB1}.Debug|Any CPU.ActiveCfg = Debug|Any CPU
		{B49E3D38-9263-4B7E-B231-6591A9D45DB1}.Debug|Any CPU.Build.0 = Debug|Any CPU
		{B49E3D38-9263-4B7E-B231-6591A9D45DB1}.Release|Any CPU.ActiveCfg = Release|Any CPU
		{B49E3D38-9263-4B7E-B231-6591A9D45DB1}.Release|Any CPU.Build.0 = Release|Any CPU
		{F8AB7684-4224-40B1-9C79-02D8FC74B4D2}.Debug|Any CPU.ActiveCfg = Debug|Any CPU
		{F8AB7684-4224-40B1-9C79-02D8FC74B4D2}.Debug|Any CPU.Build.0 = Debug|Any CPU
		{F8AB7684-4224-40B1-9C79-02D8FC74B4D2}.Release|Any CPU.ActiveCfg = Release|Any CPU
		{F8AB7684-4224-40B1-9C79-02D8FC74B4D2}.Release|Any CPU.Build.0 = Release|Any CPU
	EndGlobalSection
	GlobalSection(SolutionProperties) = preSolution
		HideSolutionNode = FALSE
	EndGlobalSection
	GlobalSection(ExtensibilityGlobals) = postSolution
		SolutionGuid = {17DA512C-24BF-4C52-A892-0C1598C06CCF}
	EndGlobalSection
EndGlobal
